
Microsoft Visual Studio Solution File, Format Version 12.00
# Visual Studio Version 17
VisualStudioVersion = 17.0.31919.166
MinimumVisualStudioVersion = 10.0.40219.1
Project("{FAE04EC0-301F-11D3-BF4B-00C04F79EFBC}") = "MinimalApiBoilerplate", "MinimalApiBoilerplate.csproj", "{AAD830CE-F2A5-4A79-9E5D-698C0EE72AAF}"
EndProject
Global
	GlobalSection(SolutionConfigurationPlatforms) = preSolution
		Debug|Any CPU = Debug|Any CPU
		Release|Any CPU = Release|Any CPU
	EndGlobalSection
	GlobalSection(ProjectConfigurationPlatforms) = postSolution
		{AAD830CE-F2A5-4A79-9E5D-698C0EE72AAF}.Debug|Any CPU.ActiveCfg = Debug|Any CPU
		{AAD830CE-F2A5-4A79-9E5D-698C0EE72AAF}.Debug|Any CPU.Build.0 = Debug|Any CPU
		{AAD830CE-F2A5-4A79-9E5D-698C0EE72AAF}.Release|Any CPU.ActiveCfg = Release|Any CPU
		{AAD830CE-F2A5-4A79-9E5D-698C0EE72AAF}.Release|Any CPU.Build.0 = Release|Any CPU
	EndGlobalSection
	GlobalSection(SolutionProperties) = preSolution
		HideSolutionNode = FALSE
	EndGlobalSection
	GlobalSection(ExtensibilityGlobals) = postSolution
		SolutionGuid = {04767D55-5C81-411F-A4DC-452913A9399E}
	EndGlobalSection
EndGlobal
